
Microsoft Visual Studio Solution File, Format Version 12.00
# Visual Studio Version 16
VisualStudioVersion = 16.0.31321.278
MinimumVisualStudioVersion = 10.0.40219.1
Project("{FAE04EC0-301F-11D3-BF4B-00C04F79EFBC}") = "APPSisFortasV1.UWP", "APPSisFortasV1\APPSisFortasV1.UWP\APPSisFortasV1.UWP.csproj", "{1422BB2D-E7F5-43E3-A073-B917FC968216}"
EndProject
Project("{FAE04EC0-301F-11D3-BF4B-00C04F79EFBC}") = "APPSisFortasV1.Android", "APPSisFortasV1\APPSisFortasV1.Android\APPSisFortasV1.Android.csproj", "{47B00244-8742-4542-AFA9-1911353094D2}"
EndProject
Project("{FAE04EC0-301F-11D3-BF4B-00C04F79EFBC}") = "APPSisFortasV1.iOS", "APPSisFortasV1\APPSisFortasV1.iOS\APPSisFortasV1.iOS.csproj", "{75018AEE-7F11-4C98-B648-0CE440BACDD1}"
EndProject
Project("{FAE04EC0-301F-11D3-BF4B-00C04F79EFBC}") = "APPSisFortasV1", "APPSisFortasV1\APPSisFortasV1\APPSisFortasV1.csproj", "{D3605B6C-D940-439A-9956-5E203B37DD80}"
EndProject
Global
	GlobalSection(SolutionConfigurationPlatforms) = preSolution
		Debug|Any CPU = Debug|Any CPU
		Debug|ARM = Debug|ARM
		Debug|iPhone = Debug|iPhone
		Debug|iPhoneSimulator = Debug|iPhoneSimulator
		Debug|x64 = Debug|x64
		Debug|x86 = Debug|x86
		Release|Any CPU = Release|Any CPU
		Release|ARM = Release|ARM
		Release|iPhone = Release|iPhone
		Release|iPhoneSimulator = Release|iPhoneSimulator
		Release|x64 = Release|x64
		Release|x86 = Release|x86
	EndGlobalSection
	GlobalSection(ProjectConfigurationPlatforms) = postSolution
		{1422BB2D-E7F5-43E3-A073-B917FC968216}.Debug|Any CPU.ActiveCfg = Debug|x86
		{1422BB2D-E7F5-43E3-A073-B917FC968216}.Debug|Any CPU.Build.0 = Debug|x86
		{1422BB2D-E7F5-43E3-A073-B917FC968216}.Debug|Any CPU.Deploy.0 = Debug|x86
		{1422BB2D-E7F5-43E3-A073-B917FC968216}.Debug|ARM.ActiveCfg = Debug|ARM
		{1422BB2D-E7F5-43E3-A073-B917FC968216}.Debug|ARM.Build.0 = Debug|ARM
		{1422BB2D-E7F5-43E3-A073-B917FC968216}.Debug|ARM.Deploy.0 = Debug|ARM
		{1422BB2D-E7F5-43E3-A073-B917FC968216}.Debug|iPhone.ActiveCfg = Debug|x86
		{1422BB2D-E7F5-43E3-A073-B917FC968216}.Debug|iPhone.Build.0 = Debug|x86
		{1422BB2D-E7F5-43E3-A073-B917FC968216}.Debug|iPhone.Deploy.0 = Debug|x86
		{1422BB2D-E7F5-43E3-A073-B917FC968216}.Debug|iPhoneSimulator.ActiveCfg = Debug|x86
		{1422BB2D-E7F5-43E3-A073-B917FC968216}.Debug|iPhoneSimulator.Build.0 = Debug|x86
		{1422BB2D-E7F5-43E3-A073-B917FC968216}.Debug|iPhoneSimulator.Deploy.0 = Debug|x86
		{1422BB2D-E7F5-43E3-A073-B917FC968216}.Debug|x64.ActiveCfg = Debug|x64
		{1422BB2D-E7F5-43E3-A073-B917FC968216}.Debug|x64.Build.0 = Debug|x64
		{1422BB2D-E7F5-43E3-A073-B917FC968216}.Debug|x64.Deploy.0 = Debug|x64
		{1422BB2D-E7F5-43E3-A073-B917FC968216}.Debug|x86.ActiveCfg = Debug|x86
		{1422BB2D-E7F5-43E3-A073-B917FC968216}.Debug|x86.Build.0 = Debug|x86
		{1422BB2D-E7F5-43E3-A073-B917FC968216}.Debug|x86.Deploy.0 = Debug|x86
		{1422BB2D-E7F5-43E3-A073-B917FC968216}.Release|Any CPU.ActiveCfg = Release|x86
		{1422BB2D-E7F5-43E3-A073-B917FC968216}.Release|Any CPU.Build.0 = Release|x86
		{1422BB2D-E7F5-43E3-A073-B917FC968216}.Release|Any CPU.Deploy.0 = Release|x86
		{1422BB2D-E7F5-43E3-A073-B917FC968216}.Release|ARM.ActiveCfg = Release|ARM
		{1422BB2D-E7F5-43E3-A073-B917FC968216}.Release|ARM.Build.0 = Release|ARM
		{1422BB2D-E7F5-43E3-A073-B917FC968216}.Release|ARM.Deploy.0 = Release|ARM
		{1422BB2D-E7F5-43E3-A073-B917FC968216}.Release|iPhone.ActiveCfg = Release|x86
		{1422BB2D-E7F5-43E3-A073-B917FC968216}.Release|iPhone.Build.0 = Release|x86
		{1422BB2D-E7F5-43E3-A073-B917FC968216}.Release|iPhone.Deploy.0 = Release|x86
		{1422BB2D-E7F5-43E3-A073-B917FC968216}.Release|iPhoneSimulator.ActiveCfg = Release|x86
		{1422BB2D-E7F5-43E3-A073-B917FC968216}.Release|iPhoneSimulator.Build.0 = Release|x86
		{1422BB2D-E7F5-43E3-A073-B917FC968216}.Release|iPhoneSimulator.Deploy.0 = Release|x86
		{1422BB2D-E7F5-43E3-A073-B917FC968216}.Release|x64.ActiveCfg = Release|x64
		{1422BB2D-E7F5-43E3-A073-B917FC968216}.Release|x64.Build.0 = Release|x64
		{1422BB2D-E7F5-43E3-A073-B917FC968216}.Release|x64.Deploy.0 = Release|x64
		{1422BB2D-E7F5-43E3-A073-B917FC968216}.Release|x86.ActiveCfg = Release|x86
		{1422BB2D-E7F5-43E3-A073-B917FC968216}.Release|x86.Build.0 = Release|x86
		{1422BB2D-E7F5-43E3-A073-B917FC968216}.Release|x86.Deploy.0 = Release|x86
		{47B00244-8742-4542-AFA9-1911353094D2}.Debug|Any CPU.ActiveCfg = Debug|Any CPU
		{47B00244-8742-4542-AFA9-1911353094D2}.Debug|Any CPU.Build.0 = Debug|Any CPU
		{47B00244-8742-4542-AFA9-1911353094D2}.Debug|Any CPU.Deploy.0 = Debug|Any CPU
		{47B00244-8742-4542-AFA9-1911353094D2}.Debug|ARM.ActiveCfg = Debug|Any CPU
		{47B00244-8742-4542-AFA9-1911353094D2}.Debug|ARM.Build.0 = Debug|Any CPU
		{47B00244-8742-4542-AFA9-1911353094D2}.Debug|ARM.Deploy.0 = Debug|Any CPU
		{47B00244-8742-4542-AFA9-1911353094D2}.Debug|iPhone.ActiveCfg = Debug|Any CPU
		{47B00244-8742-4542-AFA9-1911353094D2}.Debug|iPhone.Build.0 = Debug|Any CPU
		{47B00244-8742-4542-AFA9-1911353094D2}.Debug|iPhone.Deploy.0 = Debug|Any CPU
		{47B00244-8742-4542-AFA9-1911353094D2}.Debug|iPhoneSimulator.ActiveCfg = Debug|Any CPU
		{47B00244-8742-4542-AFA9-1911353094D2}.Debug|iPhoneSimulator.Build.0 = Debug|Any CPU
		{47B00244-8742-4542-AFA9-1911353094D2}.Debug|iPhoneSimulator.Deploy.0 = Debug|Any CPU
		{47B00244-8742-4542-AFA9-1911353094D2}.Debug|x64.ActiveCfg = Debug|Any CPU
		{47B00244-8742-4542-AFA9-1911353094D2}.Debug|x64.Build.0 = Debug|Any CPU
		{47B00244-8742-4542-AFA9-1911353094D2}.Debug|x64.Deploy.0 = Debug|Any CPU
		{47B00244-8742-4542-AFA9-1911353094D2}.Debug|x86.ActiveCfg = Debug|Any CPU
		{47B00244-8742-4542-AFA9-1911353094D2}.Debug|x86.Build.0 = Debug|Any CPU
		{47B00244-8742-4542-AFA9-1911353094D2}.Debug|x86.Deploy.0 = Debug|Any CPU
		{47B00244-8742-4542-AFA9-1911353094D2}.Release|Any CPU.ActiveCfg = Release|Any CPU
		{47B00244-8742-4542-AFA9-1911353094D2}.Release|Any CPU.Build.0 = Release|Any CPU
		{47B00244-8742-4542-AFA9-1911353094D2}.Release|Any CPU.Deploy.0 = Release|Any CPU
		{47B00244-8742-4542-AFA9-1911353094D2}.Release|ARM.ActiveCfg = Release|Any CPU
		{47B00244-8742-4542-AFA9-1911353094D2}.Release|ARM.Build.0 = Release|Any CPU
		{47B00244-8742-4542-AFA9-1911353094D2}.Release|ARM.Deploy.0 = Release|Any CPU
		{47B00244-8742-4542-AFA9-1911353094D2}.Release|iPhone.ActiveCfg = Release|Any CPU
		{47B00244-8742-4542-AFA9-1911353094D2}.Release|iPhone.Build.0 = Release|Any CPU
		{47B00244-8742-4542-AFA9-1911353094D2}.Release|iPhone.Deploy.0 = Release|Any CPU
		{47B00244-8742-4542-AFA9-1911353094D2}.Release|iPhoneSimulator.ActiveCfg = Release|Any CPU
		{47B00244-8742-4542-AFA9-1911353094D2}.Release|iPhoneSimulator.Build.0 = Release|Any CPU
		{47B00244-8742-4542-AFA9-1911353094D2}.Release|iPhoneSimulator.Deploy.0 = Release|Any CPU
		{47B00244-8742-4542-AFA9-1911353094D2}.Release|x64.ActiveCfg = Release|Any CPU
		{47B00244-8742-4542-AFA9-1911353094D2}.Release|x64.Build.0 = Release|Any CPU
		{47B00244-8742-4542-AFA9-1911353094D2}.Release|x64.Deploy.0 = Release|Any CPU
		{47B00244-8742-4542-AFA9-1911353094D2}.Release|x86.ActiveCfg = Release|Any CPU
		{47B00244-8742-4542-AFA9-1911353094D2}.Release|x86.Build.0 = Release|Any CPU
		{47B00244-8742-4542-AFA9-1911353094D2}.Release|x86.Deploy.0 = Release|Any CPU
		{75018AEE-7F11-4C98-B648-0CE440BACDD1}.Debug|Any CPU.ActiveCfg = Debug|iPhoneSimulator
		{75018AEE-7F11-4C98-B648-0CE440BACDD1}.Debug|Any CPU.Build.0 = Debug|iPhoneSimulator
		{75018AEE-7F11-4C98-B648-0CE440BACDD1}.Debug|Any CPU.Deploy.0 = Debug|iPhoneSimulator
		{75018AEE-7F11-4C98-B648-0CE440BACDD1}.Debug|ARM.ActiveCfg = Debug|iPhone
		{75018AEE-7F11-4C98-B648-0CE440BACDD1}.Debug|ARM.Build.0 = Debug|iPhone
		{75018AEE-7F11-4C98-B648-0CE440BACDD1}.Debug|ARM.Deploy.0 = Debug|iPhone
		{75018AEE-7F11-4C98-B648-0CE440BACDD1}.Debug|iPhone.ActiveCfg = Debug|iPhone
		{75018AEE-7F11-4C98-B648-0CE440BACDD1}.Debug|iPhone.Build.0 = Debug|iPhone
		{75018AEE-7F11-4C98-B648-0CE440BACDD1}.Debug|iPhone.Deploy.0 = Debug|iPhone
		{75018AEE-7F11-4C98-B648-0CE440BACDD1}.Debug|iPhoneSimulator.ActiveCfg = Debug|iPhoneSimulator
		{75018AEE-7F11-4C98-B648-0CE440BACDD1}.Debug|iPhoneSimulator.Build.0 = Debug|iPhoneSimulator
		{75018AEE-7F11-4C98-B648-0CE440BACDD1}.Debug|iPhoneSimulator.Deploy.0 = Debug|iPhoneSimulator
		{75018AEE-7F11-4C98-B648-0CE440BACDD1}.Debug|x64.ActiveCfg = Debug|iPhoneSimulator
		{75018AEE-7F11-4C98-B648-0CE440BACDD1}.Debug|x64.Build.0 = Debug|iPhoneSimulator
		{75018AEE-7F11-4C98-B648-0CE440BACDD1}.Debug|x64.Deploy.0 = Debug|iPhoneSimulator
		{75018AEE-7F11-4C98-B648-0CE440BACDD1}.Debug|x86.ActiveCfg = Debug|iPhoneSimulator
		{75018AEE-7F11-4C98-B648-0CE440BACDD1}.Debug|x86.Build.0 = Debug|iPhoneSimulator
		{75018AEE-7F11-4C98-B648-0CE440BACDD1}.Debug|x86.Deploy.0 = Debug|iPhoneSimulator
		{75018AEE-7F11-4C98-B648-0CE440BACDD1}.Release|Any CPU.ActiveCfg = Release|iPhoneSimulator
		{75018AEE-7F11-4C98-B648-0CE440BACDD1}.Release|Any CPU.Build.0 = Release|iPhoneSimulator
		{75018AEE-7F11-4C98-B648-0CE440BACDD1}.Release|Any CPU.Deploy.0 = Release|iPhoneSimulator
		{75018AEE-7F11-4C98-B648-0CE440BACDD1}.Release|ARM.ActiveCfg = Release|iPhoneSimulator
		{75018AEE-7F11-4C98-B648-0CE440BACDD1}.Release|ARM.Build.0 = Release|iPhoneSimulator
		{75018AEE-7F11-4C98-B648-0CE440BACDD1}.Release|ARM.Deploy.0 = Release|iPhoneSimulator
		{75018AEE-7F11-4C98-B648-0CE440BACDD1}.Release|iPhone.ActiveCfg = Release|iPhone
		{75018AEE-7F11-4C98-B648-0CE440BACDD1}.Release|iPhone.Build.0 = Release|iPhone
		{75018AEE-7F11-4C98-B648-0CE440BACDD1}.Release|iPhone.Deploy.0 = Release|iPhone
		{75018AEE-7F11-4C98-B648-0CE440BACDD1}.Release|iPhoneSimulator.ActiveCfg = Release|iPhoneSimulator
		{75018AEE-7F11-4C98-B648-0CE440BACDD1}.Release|iPhoneSimulator.Build.0 = Release|iPhoneSimulator
		{75018AEE-7F11-4C98-B648-0CE440BACDD1}.Release|iPhoneSimulator.Deploy.0 = Release|iPhoneSimulator
		{75018AEE-7F11-4C98-B648-0CE440BACDD1}.Release|x64.ActiveCfg = Release|iPhoneSimulator
		{75018AEE-7F11-4C98-B648-0CE440BACDD1}.Release|x64.Build.0 = Release|iPhoneSimulator
		{75018AEE-7F11-4C98-B648-0CE440BACDD1}.Release|x64.Deploy.0 = Release|iPhoneSimulator
		{75018AEE-7F11-4C98-B648-0CE440BACDD1}.Release|x86.ActiveCfg = Release|iPhoneSimulator
		{75018AEE-7F11-4C98-B648-0CE440BACDD1}.Release|x86.Build.0 = Release|iPhoneSimulator
		{75018AEE-7F11-4C98-B648-0CE440BACDD1}.Release|x86.Deploy.0 = Release|iPhoneSimulator
		{D3605B6C-D940-439A-9956-5E203B37DD80}.Debug|Any CPU.ActiveCfg = Debug|Any CPU
		{D3605B6C-D940-439A-9956-5E203B37DD80}.Debug|Any CPU.Build.0 = Debug|Any CPU
		{D3605B6C-D940-439A-9956-5E203B37DD80}.Debug|Any CPU.Deploy.0 = Debug|Any CPU
		{D3605B6C-D940-439A-9956-5E203B37DD80}.Debug|ARM.ActiveCfg = Debug|Any CPU
		{D3605B6C-D940-439A-9956-5E203B37DD80}.Debug|ARM.Build.0 = Debug|Any CPU
		{D3605B6C-D940-439A-9956-5E203B37DD80}.Debug|ARM.Deploy.0 = Debug|Any CPU
		{D3605B6C-D940-439A-9956-5E203B37DD80}.Debug|iPhone.ActiveCfg = Debug|Any CPU
		{D3605B6C-D940-439A-9956-5E203B37DD80}.Debug|iPhone.Build.0 = Debug|Any CPU
		{D3605B6C-D940-439A-9956-5E203B37DD80}.Debug|iPhone.Deploy.0 = Debug|Any CPU
		{D3605B6C-D940-439A-9956-5E203B37DD80}.Debug|iPhoneSimulator.ActiveCfg = Debug|Any CPU
		{D3605B6C-D940-439A-9956-5E203B37DD80}.Debug|iPhoneSimulator.Build.0 = Debug|Any CPU
		{D3605B6C-D940-439A-9956-5E203B37DD80}.Debug|iPhoneSimulator.Deploy.0 = Debug|Any CPU
		{D3605B6C-D940-439A-9956-5E203B37DD80}.Debug|x64.ActiveCfg = Debug|Any CPU
		{D3605B6C-D940-439A-9956-5E203B37DD80}.Debug|x64.Build.0 = Debug|Any CPU
		{D3605B6C-D940-439A-9956-5E203B37DD80}.Debug|x64.Deploy.0 = Debug|Any CPU
		{D3605B6C-D940-439A-9956-5E203B37DD80}.Debug|x86.ActiveCfg = Debug|Any CPU
		{D3605B6C-D940-439A-9956-5E203B37DD80}.Debug|x86.Build.0 = Debug|Any CPU
		{D3605B6C-D940-439A-9956-5E203B37DD80}.Debug|x86.Deploy.0 = Debug|Any CPU
		{D3605B6C-D940-439A-9956-5E203B37DD80}.Release|Any CPU.ActiveCfg = Release|Any CPU
		{D3605B6C-D940-439A-9956-5E203B37DD80}.Release|Any CPU.Build.0 = Release|Any CPU
		{D3605B6C-D940-439A-9956-5E203B37DD80}.Release|Any CPU.Deploy.0 = Release|Any CPU
		{D3605B6C-D940-439A-9956-5E203B37DD80}.Release|ARM.ActiveCfg = Release|Any CPU
		{D3605B6C-D940-439A-9956-5E203B37DD80}.Release|ARM.Build.0 = Release|Any CPU
		{D3605B6C-D940-439A-9956-5E203B37DD80}.Release|ARM.Deploy.0 = Release|Any CPU
		{D3605B6C-D940-439A-9956-5E203B37DD80}.Release|iPhone.ActiveCfg = Release|Any CPU
		{D3605B6C-D940-439A-9956-5E203B37DD80}.Release|iPhone.Build.0 = Release|Any CPU
		{D3605B6C-D940-439A-9956-5E203B37DD80}.Release|iPhone.Deploy.0 = Release|Any CPU
		{D3605B6C-D940-439A-9956-5E203B37DD80}.Release|iPhoneSimulator.ActiveCfg = Release|Any CPU
		{D3605B6C-D940-439A-9956-5E203B37DD80}.Release|iPhoneSimulator.Build.0 = Release|Any CPU
		{D3605B6C-D940-439A-9956-5E203B37DD80}.Release|iPhoneSimulator.Deploy.0 = Release|Any CPU
		{D3605B6C-D940-439A-9956-5E203B37DD80}.Release|x64.ActiveCfg = Release|Any CPU
		{D3605B6C-D940-439A-9956-5E203B37DD80}.Release|x64.Build.0 = Release|Any CPU
		{D3605B6C-D940-439A-9956-5E203B37DD80}.Release|x64.Deploy.0 = Release|Any CPU
		{D3605B6C-D940-439A-9956-5E203B37DD80}.Release|x86.ActiveCfg = Release|Any CPU
		{D3605B6C-D940-439A-9956-5E203B37DD80}.Release|x86.Build.0 = Release|Any CPU
		{D3605B6C-D940-439A-9956-5E203B37DD80}.Release|x86.Deploy.0 = Release|Any CPU
	EndGlobalSection
	GlobalSection(SolutionProperties) = preSolution
		HideSolutionNode = FALSE
	EndGlobalSection
	GlobalSection(ExtensibilityGlobals) = postSolution
		SolutionGuid = {7AF4251E-B13C-4A87-872B-9124A85BFD17}
	EndGlobalSection
EndGlobal
